// !$*UTF8*$!
{
	archiveVersion = 1;
	classes = {
	};
	objectVersion = 50;
	objects = {

/* Begin PBXBuildFile section */
		2B322EFC24DBACE200FCF280 /* CCPageViewController.swift in Sources */ = {isa = PBXBuildFile; fileRef = 2B322EFB24DBACE200FCF280 /* CCPageViewController.swift */; };
		2B322EFE24DBADE000FCF280 /* DetailViewController.swift in Sources */ = {isa = PBXBuildFile; fileRef = 2B322EFD24DBADE000FCF280 /* DetailViewController.swift */; };
		2B322F0024DBB35D00FCF280 /* TextClassViewController.swift in Sources */ = {isa = PBXBuildFile; fileRef = 2B322EFF24DBB35C00FCF280 /* TextClassViewController.swift */; };
		2B322F0324DBC08000FCF280 /* DownloadFile.swift in Sources */ = {isa = PBXBuildFile; fileRef = 2B322F0224DBC08000FCF280 /* DownloadFile.swift */; };
		2B322F0524DBC09000FCF280 /* FileTool.swift in Sources */ = {isa = PBXBuildFile; fileRef = 2B322F0424DBC09000FCF280 /* FileTool.swift */; };
		2BF4A1BE24DD9E06005F56E2 /* Alamofire.framework in Frameworks */ = {isa = PBXBuildFile; fileRef = 2BF4A1B124DD9D82005F56E2 /* Alamofire.framework */; };
		2BF4A1BF24DD9E06005F56E2 /* Alamofire.framework in Embed Frameworks */ = {isa = PBXBuildFile; fileRef = 2BF4A1B124DD9D82005F56E2 /* Alamofire.framework */; settings = {ATTRIBUTES = (CodeSignOnCopy, RemoveHeadersOnCopy, ); }; };
		2BF4A1C124DD9E0E005F56E2 /* Alamofire iOS Tests.xctest in Embed PlugIns */ = {isa = PBXBuildFile; fileRef = 2BF4A1B324DD9D82005F56E2 /* Alamofire iOS Tests.xctest */; settings = {ATTRIBUTES = (CodeSignOnCopy, RemoveHeadersOnCopy, ); }; };
		9414B3490186DB194FBE2686 /* Pods_text_swift_demo.framework in Frameworks */ = {isa = PBXBuildFile; fileRef = 9B8A2BA6EA14EC828B2DC6F8 /* Pods_text_swift_demo.framework */; };
		A045DA2122D1844F00AC6705 /* AppDelegate.swift in Sources */ = {isa = PBXBuildFile; fileRef = A045DA2022D1844F00AC6705 /* AppDelegate.swift */; };
		A045DA2322D1844F00AC6705 /* ViewController.swift in Sources */ = {isa = PBXBuildFile; fileRef = A045DA2222D1844F00AC6705 /* ViewController.swift */; };
		A045DA2622D1844F00AC6705 /* Main.storyboard in Resources */ = {isa = PBXBuildFile; fileRef = A045DA2422D1844F00AC6705 /* Main.storyboard */; };
		A045DA2822D1845400AC6705 /* Assets.xcassets in Resources */ = {isa = PBXBuildFile; fileRef = A045DA2722D1845400AC6705 /* Assets.xcassets */; };
		A045DA2B22D1845400AC6705 /* LaunchScreen.storyboard in Resources */ = {isa = PBXBuildFile; fileRef = A045DA2922D1845400AC6705 /* LaunchScreen.storyboard */; };
		A045DA3322D1872500AC6705 /* TextClassifier.swift in Sources */ = {isa = PBXBuildFile; fileRef = A045DA3222D1872500AC6705 /* TextClassifier.swift */; };
		A045DA3722D1874200AC6705 /* labels.txt in Resources */ = {isa = PBXBuildFile; fileRef = A045DA3422D1874200AC6705 /* labels.txt */; };
		A045DA3822D1874200AC6705 /* text_id.txt in Resources */ = {isa = PBXBuildFile; fileRef = A045DA3522D1874200AC6705 /* text_id.txt */; };
		A045DA3922D1874200AC6705 /* model.tflite in Resources */ = {isa = PBXBuildFile; fileRef = A045DA3622D1874200AC6705 /* model.tflite */; };
/* End PBXBuildFile section */

/* Begin PBXContainerItemProxy section */
		2BF4A1B024DD9D82005F56E2 /* PBXContainerItemProxy */ = {
			isa = PBXContainerItemProxy;
			containerPortal = 2BF4A1A624DD9D82005F56E2 /* Alamofire.xcodeproj */;
			proxyType = 2;
			remoteGlobalIDString = F8111E3319A95C8B0040E7D1;
			remoteInfo = "Alamofire iOS";
		};
		2BF4A1B224DD9D82005F56E2 /* PBXContainerItemProxy */ = {
			isa = PBXContainerItemProxy;
			containerPortal = 2BF4A1A624DD9D82005F56E2 /* Alamofire.xcodeproj */;
			proxyType = 2;
			remoteGlobalIDString = F8111E3E19A95C8B0040E7D1;
			remoteInfo = "Alamofire iOS Tests";
		};
		2BF4A1B424DD9D82005F56E2 /* PBXContainerItemProxy */ = {
			isa = PBXContainerItemProxy;
			containerPortal = 2BF4A1A624DD9D82005F56E2 /* Alamofire.xcodeproj */;
			proxyType = 2;
			remoteGlobalIDString = 4DD67C0B1A5C55C900ED2280;
			remoteInfo = "Alamofire macOS";
		};
		2BF4A1B624DD9D82005F56E2 /* PBXContainerItemProxy */ = {
			isa = PBXContainerItemProxy;
			containerPortal = 2BF4A1A624DD9D82005F56E2 /* Alamofire.xcodeproj */;
			proxyType = 2;
			remoteGlobalIDString = F829C6B21A7A94F100A2CD59;
			remoteInfo = "Alamofire macOS Tests";
		};
		2BF4A1B824DD9D82005F56E2 /* PBXContainerItemProxy */ = {
			isa = PBXContainerItemProxy;
			containerPortal = 2BF4A1A624DD9D82005F56E2 /* Alamofire.xcodeproj */;
			proxyType = 2;
			remoteGlobalIDString = 4CF626EF1BA7CB3E0011A099;
			remoteInfo = "Alamofire tvOS";
		};
		2BF4A1BA24DD9D82005F56E2 /* PBXContainerItemProxy */ = {
			isa = PBXContainerItemProxy;
			containerPortal = 2BF4A1A624DD9D82005F56E2 /* Alamofire.xcodeproj */;
			proxyType = 2;
			remoteGlobalIDString = 4CF626F81BA7CB3E0011A099;
			remoteInfo = "Alamofire tvOS Tests";
		};
		2BF4A1BC24DD9D82005F56E2 /* PBXContainerItemProxy */ = {
			isa = PBXContainerItemProxy;
			containerPortal = 2BF4A1A624DD9D82005F56E2 /* Alamofire.xcodeproj */;
			proxyType = 2;
			remoteGlobalIDString = E4202FE01B667AA100C997FB;
			remoteInfo = "Alamofire watchOS";
		};
/* End PBXContainerItemProxy section */

/* Begin PBXCopyFilesBuildPhase section */
		2BF4A1C024DD9E06005F56E2 /* Embed Frameworks */ = {
			isa = PBXCopyFilesBuildPhase;
			buildActionMask = 2147483647;
			dstPath = "";
			dstSubfolderSpec = 10;
			files = (
				2BF4A1BF24DD9E06005F56E2 /* Alamofire.framework in Embed Frameworks */,
			);
			name = "Embed Frameworks";
			runOnlyForDeploymentPostprocessing = 0;
		};
		2BF4A1C224DD9E0E005F56E2 /* Embed PlugIns */ = {
			isa = PBXCopyFilesBuildPhase;
			buildActionMask = 2147483647;
			dstPath = "";
			dstSubfolderSpec = 13;
			files = (
				2BF4A1C124DD9E0E005F56E2 /* Alamofire iOS Tests.xctest in Embed PlugIns */,
			);
			name = "Embed PlugIns";
			runOnlyForDeploymentPostprocessing = 0;
		};
/* End PBXCopyFilesBuildPhase section */

/* Begin PBXFileReference section */
		10A3B0B35F3776EF29F915E0 /* Pods-text_swift_demo.debug.xcconfig */ = {isa = PBXFileReference; includeInIndex = 1; lastKnownFileType = text.xcconfig; name = "Pods-text_swift_demo.debug.xcconfig"; path = "Pods/Target Support Files/Pods-text_swift_demo/Pods-text_swift_demo.debug.xcconfig"; sourceTree = "<group>"; };
		2B322EFB24DBACE200FCF280 /* CCPageViewController.swift */ = {isa = PBXFileReference; fileEncoding = 4; lastKnownFileType = sourcecode.swift; path = CCPageViewController.swift; sourceTree = "<group>"; };
		2B322EFD24DBADE000FCF280 /* DetailViewController.swift */ = {isa = PBXFileReference; fileEncoding = 4; lastKnownFileType = sourcecode.swift; path = DetailViewController.swift; sourceTree = "<group>"; };
		2B322EFF24DBB35C00FCF280 /* TextClassViewController.swift */ = {isa = PBXFileReference; lastKnownFileType = sourcecode.swift; path = TextClassViewController.swift; sourceTree = "<group>"; };
		2B322F0224DBC08000FCF280 /* DownloadFile.swift */ = {isa = PBXFileReference; lastKnownFileType = sourcecode.swift; path = DownloadFile.swift; sourceTree = "<group>"; };
		2B322F0424DBC09000FCF280 /* FileTool.swift */ = {isa = PBXFileReference; lastKnownFileType = sourcecode.swift; path = FileTool.swift; sourceTree = "<group>"; };
		2BF4A1A624DD9D82005F56E2 /* Alamofire.xcodeproj */ = {isa = PBXFileReference; lastKnownFileType = "wrapper.pb-project"; name = Alamofire.xcodeproj; path = "../../Downloads/Alamofire-master/Alamofire.xcodeproj"; sourceTree = "<group>"; };
		9B8A2BA6EA14EC828B2DC6F8 /* Pods_text_swift_demo.framework */ = {isa = PBXFileReference; explicitFileType = wrapper.framework; includeInIndex = 0; path = Pods_text_swift_demo.framework; sourceTree = BUILT_PRODUCTS_DIR; };
		A045DA1D22D1844F00AC6705 /* text_swift_demo.app */ = {isa = PBXFileReference; explicitFileType = wrapper.application; includeInIndex = 0; path = text_swift_demo.app; sourceTree = BUILT_PRODUCTS_DIR; };
		A045DA2022D1844F00AC6705 /* AppDelegate.swift */ = {isa = PBXFileReference; lastKnownFileType = sourcecode.swift; path = AppDelegate.swift; sourceTree = "<group>"; };
		A045DA2222D1844F00AC6705 /* ViewController.swift */ = {isa = PBXFileReference; lastKnownFileType = sourcecode.swift; path = ViewController.swift; sourceTree = "<group>"; };
		A045DA2522D1844F00AC6705 /* Base */ = {isa = PBXFileReference; lastKnownFileType = file.storyboard; name = Base; path = Base.lproj/Main.storyboard; sourceTree = "<group>"; };
		A045DA2722D1845400AC6705 /* Assets.xcassets */ = {isa = PBXFileReference; lastKnownFileType = folder.assetcatalog; path = Assets.xcassets; sourceTree = "<group>"; };
		A045DA2A22D1845400AC6705 /* Base */ = {isa = PBXFileReference; lastKnownFileType = file.storyboard; name = Base; path = Base.lproj/LaunchScreen.storyboard; sourceTree = "<group>"; };
		A045DA2C22D1845400AC6705 /* Info.plist */ = {isa = PBXFileReference; lastKnownFileType = text.plist.xml; path = Info.plist; sourceTree = "<group>"; };
		A045DA3222D1872500AC6705 /* TextClassifier.swift */ = {isa = PBXFileReference; lastKnownFileType = sourcecode.swift; path = TextClassifier.swift; sourceTree = "<group>"; };
		A045DA3422D1874200AC6705 /* labels.txt */ = {isa = PBXFileReference; fileEncoding = 4; lastKnownFileType = text; path = labels.txt; sourceTree = "<group>"; };
		A045DA3522D1874200AC6705 /* text_id.txt */ = {isa = PBXFileReference; fileEncoding = 4; lastKnownFileType = text; path = text_id.txt; sourceTree = "<group>"; };
		A045DA3622D1874200AC6705 /* model.tflite */ = {isa = PBXFileReference; lastKnownFileType = file; path = model.tflite; sourceTree = "<group>"; };
		B6522CBADA1FB64986A1EECA /* Pods-text_swift_demo.release.xcconfig */ = {isa = PBXFileReference; includeInIndex = 1; lastKnownFileType = text.xcconfig; name = "Pods-text_swift_demo.release.xcconfig"; path = "Pods/Target Support Files/Pods-text_swift_demo/Pods-text_swift_demo.release.xcconfig"; sourceTree = "<group>"; };
/* End PBXFileReference section */

/* Begin PBXFrameworksBuildPhase section */
		A045DA1A22D1844F00AC6705 /* Frameworks */ = {
			isa = PBXFrameworksBuildPhase;
			buildActionMask = 2147483647;
			files = (
				9414B3490186DB194FBE2686 /* Pods_text_swift_demo.framework in Frameworks */,
				2BF4A1BE24DD9E06005F56E2 /* Alamofire.framework in Frameworks */,
			);
			runOnlyForDeploymentPostprocessing = 0;
		};
/* End PBXFrameworksBuildPhase section */

/* Begin PBXGroup section */
		2B322EFA24DBAC9B00FCF280 /* pageVC */ = {
			isa = PBXGroup;
			children = (
				2B322EFB24DBACE200FCF280 /* CCPageViewController.swift */,
			);
			path = pageVC;
			sourceTree = "<group>";
		};
		2B322F0124DBC06100FCF280 /* FileExcute */ = {
			isa = PBXGroup;
			children = (
				2B322F0224DBC08000FCF280 /* DownloadFile.swift */,
				2B322F0424DBC09000FCF280 /* FileTool.swift */,
			);
			path = FileExcute;
			sourceTree = "<group>";
		};
		2BF4A1A724DD9D82005F56E2 /* Products */ = {
			isa = PBXGroup;
			children = (
				2BF4A1B124DD9D82005F56E2 /* Alamofire.framework */,
				2BF4A1B324DD9D82005F56E2 /* Alamofire iOS Tests.xctest */,
				2BF4A1B524DD9D82005F56E2 /* Alamofire.framework */,
				2BF4A1B724DD9D82005F56E2 /* Alamofire macOS Tests.xctest */,
				2BF4A1B924DD9D82005F56E2 /* Alamofire.framework */,
				2BF4A1BB24DD9D82005F56E2 /* Alamofire tvOS Tests.xctest */,
				2BF4A1BD24DD9D82005F56E2 /* Alamofire.framework */,
			);
			name = Products;
			sourceTree = "<group>";
		};
		7180E8EC66936DE4C3464CE4 /* Pods */ = {
			isa = PBXGroup;
			children = (
				10A3B0B35F3776EF29F915E0 /* Pods-text_swift_demo.debug.xcconfig */,
				B6522CBADA1FB64986A1EECA /* Pods-text_swift_demo.release.xcconfig */,
			);
			name = Pods;
			sourceTree = "<group>";
		};
		A045DA1422D1844F00AC6705 = {
			isa = PBXGroup;
			children = (
				2BF4A1A624DD9D82005F56E2 /* Alamofire.xcodeproj */,
				A045DA1F22D1844F00AC6705 /* text_swift_demo */,
				A045DA1E22D1844F00AC6705 /* Products */,
				7180E8EC66936DE4C3464CE4 /* Pods */,
				E5C8F57DE65157C071B8DCEA /* Frameworks */,
			);
			sourceTree = "<group>";
		};
		A045DA1E22D1844F00AC6705 /* Products */ = {
			isa = PBXGroup;
			children = (
				A045DA1D22D1844F00AC6705 /* text_swift_demo.app */,
			);
			name = Products;
			sourceTree = "<group>";
		};
		A045DA1F22D1844F00AC6705 /* text_swift_demo */ = {
			isa = PBXGroup;
			children = (
				2B322F0124DBC06100FCF280 /* FileExcute */,
				2B322EFD24DBADE000FCF280 /* DetailViewController.swift */,
				2B322EFA24DBAC9B00FCF280 /* pageVC */,
				A045DA2022D1844F00AC6705 /* AppDelegate.swift */,
				A045DA2222D1844F00AC6705 /* ViewController.swift */,
				A045DA2422D1844F00AC6705 /* Main.storyboard */,
				A045DA2722D1845400AC6705 /* Assets.xcassets */,
				A045DA2922D1845400AC6705 /* LaunchScreen.storyboard */,
				A045DA2C22D1845400AC6705 /* Info.plist */,
				A045DA3222D1872500AC6705 /* TextClassifier.swift */,
				A045DA3422D1874200AC6705 /* labels.txt */,
				A045DA3622D1874200AC6705 /* model.tflite */,
				A045DA3522D1874200AC6705 /* text_id.txt */,
				2B322EFF24DBB35C00FCF280 /* TextClassViewController.swift */,
			);
			path = text_swift_demo;
			sourceTree = "<group>";
		};
		E5C8F57DE65157C071B8DCEA /* Frameworks */ = {
			isa = PBXGroup;
			children = (
				9B8A2BA6EA14EC828B2DC6F8 /* Pods_text_swift_demo.framework */,
			);
			name = Frameworks;
			sourceTree = "<group>";
		};
/* End PBXGroup section */

/* Begin PBXNativeTarget section */
		A045DA1C22D1844F00AC6705 /* text_swift_demo */ = {
			isa = PBXNativeTarget;
			buildConfigurationList = A045DA2F22D1845400AC6705 /* Build configuration list for PBXNativeTarget "text_swift_demo" */;
			buildPhases = (
				29787EF79FBC0E3B0CA135A3 /* [CP] Check Pods Manifest.lock */,
				A045DA1922D1844F00AC6705 /* Sources */,
				A045DA1A22D1844F00AC6705 /* Frameworks */,
				A045DA1B22D1844F00AC6705 /* Resources */,
				2BF4A1C024DD9E06005F56E2 /* Embed Frameworks */,
				2BF4A1C224DD9E0E005F56E2 /* Embed PlugIns */,
			);
			buildRules = (
			);
			dependencies = (
			);
			name = text_swift_demo;
			productName = text_swift_demo;
			productReference = A045DA1D22D1844F00AC6705 /* text_swift_demo.app */;
			productType = "com.apple.product-type.application";
		};
/* End PBXNativeTarget section */

/* Begin PBXProject section */
		A045DA1522D1844F00AC6705 /* Project object */ = {
			isa = PBXProject;
			attributes = {
				LastSwiftUpdateCheck = 1020;
				LastUpgradeCheck = 1020;
				ORGANIZATIONNAME = "YiZhong Qi";
				TargetAttributes = {
					A045DA1C22D1844F00AC6705 = {
						CreatedOnToolsVersion = 10.2.1;
					};
				};
			};
			buildConfigurationList = A045DA1822D1844F00AC6705 /* Build configuration list for PBXProject "text_swift_demo" */;
			compatibilityVersion = "Xcode 9.3";
			developmentRegion = en;
			hasScannedForEncodings = 0;
			knownRegions = (
				en,
				Base,
			);
			mainGroup = A045DA1422D1844F00AC6705;
			productRefGroup = A045DA1E22D1844F00AC6705 /* Products */;
			projectDirPath = "";
			projectReferences = (
				{
					ProductGroup = 2BF4A1A724DD9D82005F56E2 /* Products */;
					ProjectRef = 2BF4A1A624DD9D82005F56E2 /* Alamofire.xcodeproj */;
				},
			);
			projectRoot = "";
			targets = (
				A045DA1C22D1844F00AC6705 /* text_swift_demo */,
			);
		};
/* End PBXProject section */

/* Begin PBXReferenceProxy section */
		2BF4A1B124DD9D82005F56E2 /* Alamofire.framework */ = {
			isa = PBXReferenceProxy;
			fileType = wrapper.framework;
			path = Alamofire.framework;
			remoteRef = 2BF4A1B024DD9D82005F56E2 /* PBXContainerItemProxy */;
			sourceTree = BUILT_PRODUCTS_DIR;
		};
		2BF4A1B324DD9D82005F56E2 /* Alamofire iOS Tests.xctest */ = {
			isa = PBXReferenceProxy;
			fileType = wrapper.cfbundle;
			path = "Alamofire iOS Tests.xctest";
			remoteRef = 2BF4A1B224DD9D82005F56E2 /* PBXContainerItemProxy */;
			sourceTree = BUILT_PRODUCTS_DIR;
		};
		2BF4A1B524DD9D82005F56E2 /* Alamofire.framework */ = {
			isa = PBXReferenceProxy;
			fileType = wrapper.framework;
			path = Alamofire.framework;
			remoteRef = 2BF4A1B424DD9D82005F56E2 /* PBXContainerItemProxy */;
			sourceTree = BUILT_PRODUCTS_DIR;
		};
		2BF4A1B724DD9D82005F56E2 /* Alamofire macOS Tests.xctest */ = {
			isa = PBXReferenceProxy;
			fileType = wrapper.cfbundle;
			path = "Alamofire macOS Tests.xctest";
			remoteRef = 2BF4A1B624DD9D82005F56E2 /* PBXContainerItemProxy */;
			sourceTree = BUILT_PRODUCTS_DIR;
		};
		2BF4A1B924DD9D82005F56E2 /* Alamofire.framework */ = {
			isa = PBXReferenceProxy;
			fileType = wrapper.framework;
			path = Alamofire.framework;
			remoteRef = 2BF4A1B824DD9D82005F56E2 /* PBXContainerItemProxy */;
			sourceTree = BUILT_PRODUCTS_DIR;
		};
		2BF4A1BB24DD9D82005F56E2 /* Alamofire tvOS Tests.xctest */ = {
			isa = PBXReferenceProxy;
			fileType = wrapper.cfbundle;
			path = "Alamofire tvOS Tests.xctest";
			remoteRef = 2BF4A1BA24DD9D82005F56E2 /* PBXContainerItemProxy */;
			sourceTree = BUILT_PRODUCTS_DIR;
		};
		2BF4A1BD24DD9D82005F56E2 /* Alamofire.framework */ = {
			isa = PBXReferenceProxy;
			fileType = wrapper.framework;
			path = Alamofire.framework;
			remoteRef = 2BF4A1BC24DD9D82005F56E2 /* PBXContainerItemProxy */;
			sourceTree = BUILT_PRODUCTS_DIR;
		};
/* End PBXReferenceProxy section */

/* Begin PBXResourcesBuildPhase section */
		A045DA1B22D1844F00AC6705 /* Resources */ = {
			isa = PBXResourcesBuildPhase;
			buildActionMask = 2147483647;
			files = (
				A045DA2B22D1845400AC6705 /* LaunchScreen.storyboard in Resources */,
				A045DA3922D1874200AC6705 /* model.tflite in Resources */,
				A045DA2822D1845400AC6705 /* Assets.xcassets in Resources */,
				A045DA2622D1844F00AC6705 /* Main.storyboard in Resources */,
				A045DA3722D1874200AC6705 /* labels.txt in Resources */,
				A045DA3822D1874200AC6705 /* text_id.txt in Resources */,
			);
			runOnlyForDeploymentPostprocessing = 0;
		};
/* End PBXResourcesBuildPhase section */

/* Begin PBXShellScriptBuildPhase section */
		29787EF79FBC0E3B0CA135A3 /* [CP] Check Pods Manifest.lock */ = {
			isa = PBXShellScriptBuildPhase;
			buildActionMask = 2147483647;
			files = (
			);
			inputFileListPaths = (
			);
			inputPaths = (
				"${PODS_PODFILE_DIR_PATH}/Podfile.lock",
				"${PODS_ROOT}/Manifest.lock",
			);
			name = "[CP] Check Pods Manifest.lock";
			outputFileListPaths = (
			);
			outputPaths = (
				"$(DERIVED_FILE_DIR)/Pods-text_swift_demo-checkManifestLockResult.txt",
			);
			runOnlyForDeploymentPostprocessing = 0;
			shellPath = /bin/sh;
			shellScript = "diff \"${PODS_PODFILE_DIR_PATH}/Podfile.lock\" \"${PODS_ROOT}/Manifest.lock\" > /dev/null\nif [ $? != 0 ] ; then\n    # print error to STDERR\n    echo \"error: The sandbox is not in sync with the Podfile.lock. Run 'pod install' or update your CocoaPods installation.\" >&2\n    exit 1\nfi\n# This output is used by Xcode 'outputs' to avoid re-running this script phase.\necho \"SUCCESS\" > \"${SCRIPT_OUTPUT_FILE_0}\"\n";
			showEnvVarsInLog = 0;
		};
/* End PBXShellScriptBuildPhase section */

/* Begin PBXSourcesBuildPhase section */
		A045DA1922D1844F00AC6705 /* Sources */ = {
			isa = PBXSourcesBuildPhase;
			buildActionMask = 2147483647;
			files = (
				2B322F0024DBB35D00FCF280 /* TextClassViewController.swift in Sources */,
				A045DA2322D1844F00AC6705 /* ViewController.swift in Sources */,
				A045DA2122D1844F00AC6705 /* AppDelegate.swift in Sources */,
				2B322F0324DBC08000FCF280 /* DownloadFile.swift in Sources */,
				2B322EFE24DBADE000FCF280 /* DetailViewController.swift in Sources */,
				A045DA3322D1872500AC6705 /* TextClassifier.swift in Sources */,
				2B322EFC24DBACE200FCF280 /* CCPageViewController.swift in Sources */,
				2B322F0524DBC09000FCF280 /* FileTool.swift in Sources */,
			);
			runOnlyForDeploymentPostprocessing = 0;
		};
/* End PBXSourcesBuildPhase section */

/* Begin PBXVariantGroup section */
		A045DA2422D1844F00AC6705 /* Main.storyboard */ = {
			isa = PBXVariantGroup;
			children = (
				A045DA2522D1844F00AC6705 /* Base */,
			);
			name = Main.storyboard;
			sourceTree = "<group>";
		};
		A045DA2922D1845400AC6705 /* LaunchScreen.storyboard */ = {
			isa = PBXVariantGroup;
			children = (
				A045DA2A22D1845400AC6705 /* Base */,
			);
			name = LaunchScreen.storyboard;
			sourceTree = "<group>";
		};
/* End PBXVariantGroup section */

/* Begin XCBuildConfiguration section */
		A045DA2D22D1845400AC6705 /* Debug */ = {
			isa = XCBuildConfiguration;
			buildSettings = {
				ALWAYS_SEARCH_USER_PATHS = NO;
				CLANG_ANALYZER_NONNULL = YES;
				CLANG_ANALYZER_NUMBER_OBJECT_CONVERSION = YES_AGGRESSIVE;
				CLANG_CXX_LANGUAGE_STANDARD = "gnu++14";
				CLANG_CXX_LIBRARY = "libc++";
				CLANG_ENABLE_MODULES = YES;
				CLANG_ENABLE_OBJC_ARC = YES;
				CLANG_ENABLE_OBJC_WEAK = YES;
				CLANG_WARN_BLOCK_CAPTURE_AUTORELEASING = YES;
				CLANG_WARN_BOOL_CONVERSION = YES;
				CLANG_WARN_COMMA = YES;
				CLANG_WARN_CONSTANT_CONVERSION = YES;
				CLANG_WARN_DEPRECATED_OBJC_IMPLEMENTATIONS = YES;
				CLANG_WARN_DIRECT_OBJC_ISA_USAGE = YES_ERROR;
				CLANG_WARN_DOCUMENTATION_COMMENTS = YES;
				CLANG_WARN_EMPTY_BODY = YES;
				CLANG_WARN_ENUM_CONVERSION = YES;
				CLANG_WARN_INFINITE_RECURSION = YES;
				CLANG_WARN_INT_CONVERSION = YES;
				CLANG_WARN_NON_LITERAL_NULL_CONVERSION = YES;
				CLANG_WARN_OBJC_IMPLICIT_RETAIN_SELF = YES;
				CLANG_WARN_OBJC_LITERAL_CONVERSION = YES;
				CLANG_WARN_OBJC_ROOT_CLASS = YES_ERROR;
				CLANG_WARN_RANGE_LOOP_ANALYSIS = YES;
				CLANG_WARN_STRICT_PROTOTYPES = YES;
				CLANG_WARN_SUSPICIOUS_MOVE = YES;
				CLANG_WARN_UNGUARDED_AVAILABILITY = YES_AGGRESSIVE;
				CLANG_WARN_UNREACHABLE_CODE = YES;
				CLANG_WARN__DUPLICATE_METHOD_MATCH = YES;
				CODE_SIGN_IDENTITY = "iPhone Developer";
				COPY_PHASE_STRIP = NO;
				DEBUG_INFORMATION_FORMAT = dwarf;
				ENABLE_STRICT_OBJC_MSGSEND = YES;
				ENABLE_TESTABILITY = YES;
				GCC_C_LANGUAGE_STANDARD = gnu11;
				GCC_DYNAMIC_NO_PIC = NO;
				GCC_NO_COMMON_BLOCKS = YES;
				GCC_OPTIMIZATION_LEVEL = 0;
				GCC_PREPROCESSOR_DEFINITIONS = (
					"DEBUG=1",
					"$(inherited)",
				);
				GCC_WARN_64_TO_32_BIT_CONVERSION = YES;
				GCC_WARN_ABOUT_RETURN_TYPE = YES_ERROR;
				GCC_WARN_UNDECLARED_SELECTOR = YES;
				GCC_WARN_UNINITIALIZED_AUTOS = YES_AGGRESSIVE;
				GCC_WARN_UNUSED_FUNCTION = YES;
				GCC_WARN_UNUSED_VARIABLE = YES;
				IPHONEOS_DEPLOYMENT_TARGET = 12.2;
				MTL_ENABLE_DEBUG_INFO = INCLUDE_SOURCE;
				MTL_FAST_MATH = YES;
				ONLY_ACTIVE_ARCH = YES;
				SDKROOT = iphoneos;
				SWIFT_ACTIVE_COMPILATION_CONDITIONS = DEBUG;
				SWIFT_OPTIMIZATION_LEVEL = "-Onone";
			};
			name = Debug;
		};
		A045DA2E22D1845400AC6705 /* Release */ = {
			isa = XCBuildConfiguration;
			buildSettings = {
				ALWAYS_SEARCH_USER_PATHS = NO;
				CLANG_ANALYZER_NONNULL = YES;
				CLANG_ANALYZER_NUMBER_OBJECT_CONVERSION = YES_AGGRESSIVE;
				CLANG_CXX_LANGUAGE_STANDARD = "gnu++14";
				CLANG_CXX_LIBRARY = "libc++";
				CLANG_ENABLE_MODULES = YES;
				CLANG_ENABLE_OBJC_ARC = YES;
				CLANG_ENABLE_OBJC_WEAK = YES;
				CLANG_WARN_BLOCK_CAPTURE_AUTORELEASING = YES;
				CLANG_WARN_BOOL_CONVERSION = YES;
				CLANG_WARN_COMMA = YES;
				CLANG_WARN_CONSTANT_CONVERSION = YES;
				CLANG_WARN_DEPRECATED_OBJC_IMPLEMENTATIONS = YES;
				CLANG_WARN_DIRECT_OBJC_ISA_USAGE = YES_ERROR;
				CLANG_WARN_DOCUMENTATION_COMMENTS = YES;
				CLANG_WARN_EMPTY_BODY = YES;
				CLANG_WARN_ENUM_CONVERSION = YES;
				CLANG_WARN_INFINITE_RECURSION = YES;
				CLANG_WARN_INT_CONVERSION = YES;
				CLANG_WARN_NON_LITERAL_NULL_CONVERSION = YES;
				CLANG_WARN_OBJC_IMPLICIT_RETAIN_SELF = YES;
				CLANG_WARN_OBJC_LITERAL_CONVERSION = YES;
				CLANG_WARN_OBJC_ROOT_CLASS = YES_ERROR;
				CLANG_WARN_RANGE_LOOP_ANALYSIS = YES;
				CLANG_WARN_STRICT_PROTOTYPES = YES;
				CLANG_WARN_SUSPICIOUS_MOVE = YES;
				CLANG_WARN_UNGUARDED_AVAILABILITY = YES_AGGRESSIVE;
				CLANG_WARN_UNREACHABLE_CODE = YES;
				CLANG_WARN__DUPLICATE_METHOD_MATCH = YES;
				CODE_SIGN_IDENTITY = "iPhone Developer";
				COPY_PHASE_STRIP = NO;
				DEBUG_INFORMATION_FORMAT = "dwarf-with-dsym";
				ENABLE_NS_ASSERTIONS = NO;
				ENABLE_STRICT_OBJC_MSGSEND = YES;
				GCC_C_LANGUAGE_STANDARD = gnu11;
				GCC_NO_COMMON_BLOCKS = YES;
				GCC_WARN_64_TO_32_BIT_CONVERSION = YES;
				GCC_WARN_ABOUT_RETURN_TYPE = YES_ERROR;
				GCC_WARN_UNDECLARED_SELECTOR = YES;
				GCC_WARN_UNINITIALIZED_AUTOS = YES_AGGRESSIVE;
				GCC_WARN_UNUSED_FUNCTION = YES;
				GCC_WARN_UNUSED_VARIABLE = YES;
				IPHONEOS_DEPLOYMENT_TARGET = 12.2;
				MTL_ENABLE_DEBUG_INFO = NO;
				MTL_FAST_MATH = YES;
				SDKROOT = iphoneos;
				SWIFT_COMPILATION_MODE = wholemodule;
				SWIFT_OPTIMIZATION_LEVEL = "-O";
				VALIDATE_PRODUCT = YES;
			};
			name = Release;
		};
		A045DA3022D1845400AC6705 /* Debug */ = {
			isa = XCBuildConfiguration;
			baseConfigurationReference = 10A3B0B35F3776EF29F915E0 /* Pods-text_swift_demo.debug.xcconfig */;
			buildSettings = {
				ASSETCATALOG_COMPILER_APPICON_NAME = AppIcon;
				CODE_SIGN_STYLE = Automatic;
				DEVELOPMENT_TEAM = F22KFF3U53;
				GCC_GENERATE_TEST_COVERAGE_FILES = YES;
				INFOPLIST_FILE = text_swift_demo/Info.plist;
				LD_RUNPATH_SEARCH_PATHS = (
					"$(inherited)",
					"@executable_path/Frameworks",
				);
				PRODUCT_BUNDLE_IDENTIFIER = "YiZhong-Qi.text-swift-demo";
				PRODUCT_NAME = "$(TARGET_NAME)";
				SWIFT_VERSION = 5.0;
				TARGETED_DEVICE_FAMILY = "1,2";
			};
			name = Debug;
		};
		A045DA3122D1845400AC6705 /* Release */ = {
			isa = XCBuildConfiguration;
			baseConfigurationReference = B6522CBADA1FB64986A1EECA /* Pods-text_swift_demo.release.xcconfig */;
			buildSettings = {
				ASSETCATALOG_COMPILER_APPICON_NAME = AppIcon;
				CODE_SIGN_STYLE = Automatic;
				DEVELOPMENT_TEAM = F22KFF3U53;
				GCC_GENERATE_TEST_COVERAGE_FILES = YES;
				INFOPLIST_FILE = text_swift_demo/Info.plist;
				LD_RUNPATH_SEARCH_PATHS = (
					"$(inherited)",
					"@executable_path/Frameworks",
				);
				PRODUCT_BUNDLE_IDENTIFIER = "YiZhong-Qi.text-swift-demo";
				PRODUCT_NAME = "$(TARGET_NAME)";
				SWIFT_VERSION = 5.0;
				TARGETED_DEVICE_FAMILY = "1,2";
			};
			name = Release;
		};
/* End XCBuildConfiguration section */

/* Begin XCConfigurationList section */
		A045DA1822D1844F00AC6705 /* Build configuration list for PBXProject "text_swift_demo" */ = {
			isa = XCConfigurationList;
			buildConfigurations = (
				A045DA2D22D1845400AC6705 /* Debug */,
				A045DA2E22D1845400AC6705 /* Release */,
			);
			defaultConfigurationIsVisible = 0;
			defaultConfigurationName = Release;
		};
		A045DA2F22D1845400AC6705 /* Build configuration list for PBXNativeTarget "text_swift_demo" */ = {
			isa = XCConfigurationList;
			buildConfigurations = (
				A045DA3022D1845400AC6705 /* Debug */,
				A045DA3122D1845400AC6705 /* Release */,
			);
			defaultConfigurationIsVisible = 0;
			defaultConfigurationName = Release;
		};
/* End XCConfigurationList section */
	};
	rootObject = A045DA1522D1844F00AC6705 /* Project object */;
}
